
Microsoft Visual Studio Solution File, Format Version 12.00
# Visual Studio Version 16
VisualStudioVersion = 16.0.31402.337
MinimumVisualStudioVersion = 10.0.40219.1
Project("{FAE04EC0-301F-11D3-BF4B-00C04F79EFBC}") = "Reto", "Reto.csproj", "{16C5B219-E3D2-4505-BC65-251E5152AF9C}"
EndProject
Global
	GlobalSection(SolutionConfigurationPlatforms) = preSolution
		Debug|Any CPU = Debug|Any CPU
		Release|Any CPU = Release|Any CPU
	EndGlobalSection
	GlobalSection(ProjectConfigurationPlatforms) = postSolution
		{16C5B219-E3D2-4505-BC65-251E5152AF9C}.Debug|Any CPU.ActiveCfg = Debug|Any CPU
		{16C5B219-E3D2-4505-BC65-251E5152AF9C}.Debug|Any CPU.Build.0 = Debug|Any CPU
		{16C5B219-E3D2-4505-BC65-251E5152AF9C}.Release|Any CPU.ActiveCfg = Release|Any CPU
		{16C5B219-E3D2-4505-BC65-251E5152AF9C}.Release|Any CPU.Build.0 = Release|Any CPU
	EndGlobalSection
	GlobalSection(SolutionProperties) = preSolution
		HideSolutionNode = FALSE
	EndGlobalSection
	GlobalSection(ExtensibilityGlobals) = postSolution
		SolutionGuid = {A08497A9-4150-43C5-90BD-DF2BB8E1BAD4}
	EndGlobalSection
EndGlobal
